// !$*UTF8*$!
{
	archiveVersion = 1;
	classes = {
	};
	objectVersion = 50;
	objects = {

/* Begin PBXBuildFile section */
		1D3F6C4422344932008B1AC3 /* Launch Screen.storyboard in Resources */ = {isa = PBXBuildFile; fileRef = 1D3F6C4322344932008B1AC3 /* Launch Screen.storyboard */; };
		1D3F6C4722345219008B1AC3 /* ArScannerViewController.swift in Sources */ = {isa = PBXBuildFile; fileRef = 1D3F6C4522345219008B1AC3 /* ArScannerViewController.swift */; };
		1D3F6C4822345219008B1AC3 /* ArScannerViewController.xib in Resources */ = {isa = PBXBuildFile; fileRef = 1D3F6C4622345219008B1AC3 /* ArScannerViewController.xib */; };
		1D54C695223425B900E0C172 /* AppDelegate.swift in Sources */ = {isa = PBXBuildFile; fileRef = 1D54C694223425B900E0C172 /* AppDelegate.swift */; };
		1D54C69D223425B900E0C172 /* EcoHack.xcdatamodeld in Sources */ = {isa = PBXBuildFile; fileRef = 1D54C69B223425B900E0C172 /* EcoHack.xcdatamodeld */; };
		1D54C69F223425BB00E0C172 /* Assets.xcassets in Resources */ = {isa = PBXBuildFile; fileRef = 1D54C69E223425BB00E0C172 /* Assets.xcassets */; };
		1D54C6B1223438C900E0C172 /* ExploreViewController.swift in Sources */ = {isa = PBXBuildFile; fileRef = 1D54C6AF223438C900E0C172 /* ExploreViewController.swift */; };
		1D54C6B2223438C900E0C172 /* ExploreViewController.xib in Resources */ = {isa = PBXBuildFile; fileRef = 1D54C6B0223438C900E0C172 /* ExploreViewController.xib */; };
		578D323F223456000050A84E /* Profile.swift in Sources */ = {isa = PBXBuildFile; fileRef = 578D323D223456000050A84E /* Profile.swift */; };
		578D3240223456000050A84E /* Profile.xib in Resources */ = {isa = PBXBuildFile; fileRef = 578D323E223456000050A84E /* Profile.xib */; };
		578D3243223456FB0050A84E /* Company.swift in Sources */ = {isa = PBXBuildFile; fileRef = 578D3241223456FB0050A84E /* Company.swift */; };
		578D3244223456FB0050A84E /* Company.xib in Resources */ = {isa = PBXBuildFile; fileRef = 578D3242223456FB0050A84E /* Company.xib */; };
		578D32472234574F0050A84E /* Onboarding.swift in Sources */ = {isa = PBXBuildFile; fileRef = 578D32452234574F0050A84E /* Onboarding.swift */; };
		578D32482234574F0050A84E /* Onboarding.xib in Resources */ = {isa = PBXBuildFile; fileRef = 578D32462234574F0050A84E /* Onboarding.xib */; };
		578D32502234E1B80050A84E /* Nunito-Regular.ttf in Resources */ = {isa = PBXBuildFile; fileRef = 578D324F2234DFB30050A84E /* Nunito-Regular.ttf */; };
/* End PBXBuildFile section */

/* Begin PBXFileReference section */
		1D3F6C4322344932008B1AC3 /* Launch Screen.storyboard */ = {isa = PBXFileReference; lastKnownFileType = file.storyboard; path = "Launch Screen.storyboard"; sourceTree = "<group>"; };
		1D3F6C4522345219008B1AC3 /* ArScannerViewController.swift */ = {isa = PBXFileReference; lastKnownFileType = sourcecode.swift; name = ArScannerViewController.swift; path = Xibs/ArScannerViewController.swift; sourceTree = "<group>"; };
		1D3F6C4622345219008B1AC3 /* ArScannerViewController.xib */ = {isa = PBXFileReference; lastKnownFileType = file.xib; path = ArScannerViewController.xib; sourceTree = "<group>"; };
		1D54C691223425B900E0C172 /* EcoHack.app */ = {isa = PBXFileReference; explicitFileType = wrapper.application; includeInIndex = 0; path = EcoHack.app; sourceTree = BUILT_PRODUCTS_DIR; };
		1D54C694223425B900E0C172 /* AppDelegate.swift */ = {isa = PBXFileReference; lastKnownFileType = sourcecode.swift; path = AppDelegate.swift; sourceTree = "<group>"; };
		1D54C69C223425B900E0C172 /* EcoHack.xcdatamodel */ = {isa = PBXFileReference; lastKnownFileType = wrapper.xcdatamodel; path = EcoHack.xcdatamodel; sourceTree = "<group>"; };
		1D54C69E223425BB00E0C172 /* Assets.xcassets */ = {isa = PBXFileReference; lastKnownFileType = folder.assetcatalog; path = Assets.xcassets; sourceTree = "<group>"; };
		1D54C6A3223425BB00E0C172 /* Info.plist */ = {isa = PBXFileReference; lastKnownFileType = text.plist.xml; path = Info.plist; sourceTree = "<group>"; };
		1D54C6A92234297300E0C172 /* EcoHack.entitlements */ = {isa = PBXFileReference; lastKnownFileType = text.plist.entitlements; path = EcoHack.entitlements; sourceTree = "<group>"; };
		1D54C6AF223438C900E0C172 /* ExploreViewController.swift */ = {isa = PBXFileReference; lastKnownFileType = sourcecode.swift; path = ExploreViewController.swift; sourceTree = "<group>"; };
		1D54C6B0223438C900E0C172 /* ExploreViewController.xib */ = {isa = PBXFileReference; lastKnownFileType = file.xib; path = ExploreViewController.xib; sourceTree = "<group>"; };
		578D323D223456000050A84E /* Profile.swift */ = {isa = PBXFileReference; lastKnownFileType = sourcecode.swift; path = Profile.swift; sourceTree = "<group>"; };
		578D323E223456000050A84E /* Profile.xib */ = {isa = PBXFileReference; lastKnownFileType = file.xib; path = Profile.xib; sourceTree = "<group>"; };
		578D3241223456FB0050A84E /* Company.swift */ = {isa = PBXFileReference; lastKnownFileType = sourcecode.swift; path = Company.swift; sourceTree = "<group>"; };
		578D3242223456FB0050A84E /* Company.xib */ = {isa = PBXFileReference; lastKnownFileType = file.xib; path = Company.xib; sourceTree = "<group>"; };
		578D32452234574F0050A84E /* Onboarding.swift */ = {isa = PBXFileReference; lastKnownFileType = sourcecode.swift; path = Onboarding.swift; sourceTree = "<group>"; };
		578D32462234574F0050A84E /* Onboarding.xib */ = {isa = PBXFileReference; lastKnownFileType = file.xib; path = Onboarding.xib; sourceTree = "<group>"; };
		578D324F2234DFB30050A84E /* Nunito-Regular.ttf */ = {isa = PBXFileReference; lastKnownFileType = file; path = "Nunito-Regular.ttf"; sourceTree = "<group>"; };
/* End PBXFileReference section */

/* Begin PBXFrameworksBuildPhase section */
		1D54C68E223425B900E0C172 /* Frameworks */ = {
			isa = PBXFrameworksBuildPhase;
			buildActionMask = 2147483647;
			files = (
			);
			runOnlyForDeploymentPostprocessing = 0;
		};
/* End PBXFrameworksBuildPhase section */

/* Begin PBXGroup section */
		1D54C688223425B900E0C172 = {
			isa = PBXGroup;
			children = (
				1D54C693223425B900E0C172 /* EcoHack */,
				1D54C692223425B900E0C172 /* Products */,
			);
			sourceTree = "<group>";
		};
		1D54C692223425B900E0C172 /* Products */ = {
			isa = PBXGroup;
			children = (
				1D54C691223425B900E0C172 /* EcoHack.app */,
			);
			name = Products;
			sourceTree = "<group>";
		};
		1D54C693223425B900E0C172 /* EcoHack */ = {
			isa = PBXGroup;
			children = (
				578D324E2234DF790050A84E /* fonts */,
				1D54C6A92234297300E0C172 /* EcoHack.entitlements */,
				1D54C6AA2234351900E0C172 /* Xibs */,
				1D54C694223425B900E0C172 /* AppDelegate.swift */,
				1D54C69E223425BB00E0C172 /* Assets.xcassets */,
				1D54C6A3223425BB00E0C172 /* Info.plist */,
				1D54C69B223425B900E0C172 /* EcoHack.xcdatamodeld */,
				1D3F6C4522345219008B1AC3 /* ArScannerViewController.swift */,
				578D3241223456FB0050A84E /* Company.swift */,
				1D54C6AF223438C900E0C172 /* ExploreViewController.swift */,
				578D32452234574F0050A84E /* Onboarding.swift */,
				578D323D223456000050A84E /* Profile.swift */,
				1D3F6C4322344932008B1AC3 /* Launch Screen.storyboard */,
			);
			path = EcoHack;
			sourceTree = "<group>";
		};
		1D54C6AA2234351900E0C172 /* Xibs */ = {
			isa = PBXGroup;
			children = (
				1D3F6C4622345219008B1AC3 /* ArScannerViewController.xib */,
				578D3242223456FB0050A84E /* Company.xib */,
				1D54C6B0223438C900E0C172 /* ExploreViewController.xib */,
				578D32462234574F0050A84E /* Onboarding.xib */,
				578D323E223456000050A84E /* Profile.xib */,
			);
			path = Xibs;
			sourceTree = "<group>";
		};
		578D324E2234DF790050A84E /* fonts */ = {
			isa = PBXGroup;
			children = (
				578D324F2234DFB30050A84E /* Nunito-Regular.ttf */,
			);
			path = fonts;
			sourceTree = "<group>";
		};
/* End PBXGroup section */

/* Begin PBXNativeTarget section */
		1D54C690223425B900E0C172 /* EcoHack */ = {
			isa = PBXNativeTarget;
			buildConfigurationList = 1D54C6A6223425BB00E0C172 /* Build configuration list for PBXNativeTarget "EcoHack" */;
			buildPhases = (
				1D54C68D223425B900E0C172 /* Sources */,
				1D54C68E223425B900E0C172 /* Frameworks */,
				1D54C68F223425B900E0C172 /* Resources */,
			);
			buildRules = (
			);
			dependencies = (
			);
			name = EcoHack;
			productName = EcoHack;
			productReference = 1D54C691223425B900E0C172 /* EcoHack.app */;
			productType = "com.apple.product-type.application";
		};
/* End PBXNativeTarget section */

/* Begin PBXProject section */
		1D54C689223425B900E0C172 /* Project object */ = {
			isa = PBXProject;
			attributes = {
				LastSwiftUpdateCheck = 1010;
				LastUpgradeCheck = 1010;
				ORGANIZATIONNAME = GreenDreamTeam;
				TargetAttributes = {
					1D54C690223425B900E0C172 = {
						CreatedOnToolsVersion = 10.1;
						SystemCapabilities = {
							com.apple.BackgroundModes = {
								enabled = 1;
							};
							com.apple.DataProtection = {
								enabled = 1;
							};
						};
					};
				};
			};
			buildConfigurationList = 1D54C68C223425B900E0C172 /* Build configuration list for PBXProject "EcoHack" */;
			compatibilityVersion = "Xcode 9.3";
			developmentRegion = en;
			hasScannedForEncodings = 0;
			knownRegions = (
				en,
				Base,
			);
			mainGroup = 1D54C688223425B900E0C172;
			productRefGroup = 1D54C692223425B900E0C172 /* Products */;
			projectDirPath = "";
			projectRoot = "";
			targets = (
				1D54C690223425B900E0C172 /* EcoHack */,
			);
		};
/* End PBXProject section */

/* Begin PBXResourcesBuildPhase section */
		1D54C68F223425B900E0C172 /* Resources */ = {
			isa = PBXResourcesBuildPhase;
			buildActionMask = 2147483647;
			files = (
				1D3F6C4822345219008B1AC3 /* ArScannerViewController.xib in Resources */,
				1D3F6C4422344932008B1AC3 /* Launch Screen.storyboard in Resources */,
				578D32502234E1B80050A84E /* Nunito-Regular.ttf in Resources */,
				578D3240223456000050A84E /* Profile.xib in Resources */,
				578D3244223456FB0050A84E /* Company.xib in Resources */,
				1D54C6B2223438C900E0C172 /* ExploreViewController.xib in Resources */,
				578D32482234574F0050A84E /* Onboarding.xib in Resources */,
				1D54C69F223425BB00E0C172 /* Assets.xcassets in Resources */,
			);
			runOnlyForDeploymentPostprocessing = 0;
		};
/* End PBXResourcesBuildPhase section */

/* Begin PBXSourcesBuildPhase section */
		1D54C68D223425B900E0C172 /* Sources */ = {
			isa = PBXSourcesBuildPhase;
			buildActionMask = 2147483647;
			files = (
				1D3F6C4722345219008B1AC3 /* ArScannerViewController.swift in Sources */,
				578D323F223456000050A84E /* Profile.swift in Sources */,
				1D54C6B1223438C900E0C172 /* ExploreViewController.swift in Sources */,
				578D32472234574F0050A84E /* Onboarding.swift in Sources */,
				1D54C69D223425B900E0C172 /* EcoHack.xcdatamodeld in Sources */,
				1D54C695223425B900E0C172 /* AppDelegate.swift in Sources */,
				578D3243223456FB0050A84E /* Company.swift in Sources */,
			);
			runOnlyForDeploymentPostprocessing = 0;
		};
/* End PBXSourcesBuildPhase section */

/* Begin XCBuildConfiguration section */
		1D54C6A4223425BB00E0C172 /* Debug */ = {
			isa = XCBuildConfiguration;
			buildSettings = {
				ALWAYS_SEARCH_USER_PATHS = NO;
				CLANG_ANALYZER_NONNULL = YES;
				CLANG_ANALYZER_NUMBER_OBJECT_CONVERSION = YES_AGGRESSIVE;
				CLANG_CXX_LANGUAGE_STANDARD = "gnu++14";
				CLANG_CXX_LIBRARY = "libc++";
				CLANG_ENABLE_MODULES = YES;
				CLANG_ENABLE_OBJC_ARC = YES;
				CLANG_ENABLE_OBJC_WEAK = YES;
				CLANG_WARN_BLOCK_CAPTURE_AUTORELEASING = YES;
				CLANG_WARN_BOOL_CONVERSION = YES;
				CLANG_WARN_COMMA = YES;
				CLANG_WARN_CONSTANT_CONVERSION = YES;
				CLANG_WARN_DEPRECATED_OBJC_IMPLEMENTATIONS = YES;
				CLANG_WARN_DIRECT_OBJC_ISA_USAGE = YES_ERROR;
				CLANG_WARN_DOCUMENTATION_COMMENTS = YES;
				CLANG_WARN_EMPTY_BODY = YES;
				CLANG_WARN_ENUM_CONVERSION = YES;
				CLANG_WARN_INFINITE_RECURSION = YES;
				CLANG_WARN_INT_CONVERSION = YES;
				CLANG_WARN_NON_LITERAL_NULL_CONVERSION = YES;
				CLANG_WARN_OBJC_IMPLICIT_RETAIN_SELF = YES;
				CLANG_WARN_OBJC_LITERAL_CONVERSION = YES;
				CLANG_WARN_OBJC_ROOT_CLASS = YES_ERROR;
				CLANG_WARN_RANGE_LOOP_ANALYSIS = YES;
				CLANG_WARN_STRICT_PROTOTYPES = YES;
				CLANG_WARN_SUSPICIOUS_MOVE = YES;
				CLANG_WARN_UNGUARDED_AVAILABILITY = YES_AGGRESSIVE;
				CLANG_WARN_UNREACHABLE_CODE = YES;
				CLANG_WARN__DUPLICATE_METHOD_MATCH = YES;
				CODE_SIGN_IDENTITY = "iPhone Developer";
				COPY_PHASE_STRIP = NO;
				DEBUG_INFORMATION_FORMAT = dwarf;
				ENABLE_STRICT_OBJC_MSGSEND = YES;
				ENABLE_TESTABILITY = YES;
				GCC_C_LANGUAGE_STANDARD = gnu11;
				GCC_DYNAMIC_NO_PIC = NO;
				GCC_NO_COMMON_BLOCKS = YES;
				GCC_OPTIMIZATION_LEVEL = 0;
				GCC_PREPROCESSOR_DEFINITIONS = (
					"DEBUG=1",
					"$(inherited)",
				);
				GCC_WARN_64_TO_32_BIT_CONVERSION = YES;
				GCC_WARN_ABOUT_RETURN_TYPE = YES_ERROR;
				GCC_WARN_UNDECLARED_SELECTOR = YES;
				GCC_WARN_UNINITIALIZED_AUTOS = YES_AGGRESSIVE;
				GCC_WARN_UNUSED_FUNCTION = YES;
				GCC_WARN_UNUSED_VARIABLE = YES;
				IPHONEOS_DEPLOYMENT_TARGET = 12.1;
				MTL_ENABLE_DEBUG_INFO = INCLUDE_SOURCE;
				MTL_FAST_MATH = YES;
				ONLY_ACTIVE_ARCH = YES;
				SDKROOT = iphoneos;
				SWIFT_ACTIVE_COMPILATION_CONDITIONS = DEBUG;
				SWIFT_OPTIMIZATION_LEVEL = "-Onone";
			};
			name = Debug;
		};
		1D54C6A5223425BB00E0C172 /* Release */ = {
			isa = XCBuildConfiguration;
			buildSettings = {
				ALWAYS_SEARCH_USER_PATHS = NO;
				CLANG_ANALYZER_NONNULL = YES;
				CLANG_ANALYZER_NUMBER_OBJECT_CONVERSION = YES_AGGRESSIVE;
				CLANG_CXX_LANGUAGE_STANDARD = "gnu++14";
				CLANG_CXX_LIBRARY = "libc++";
				CLANG_ENABLE_MODULES = YES;
				CLANG_ENABLE_OBJC_ARC = YES;
				CLANG_ENABLE_OBJC_WEAK = YES;
				CLANG_WARN_BLOCK_CAPTURE_AUTORELEASING = YES;
				CLANG_WARN_BOOL_CONVERSION = YES;
				CLANG_WARN_COMMA = YES;
				CLANG_WARN_CONSTANT_CONVERSION = YES;
				CLANG_WARN_DEPRECATED_OBJC_IMPLEMENTATIONS = YES;
				CLANG_WARN_DIRECT_OBJC_ISA_USAGE = YES_ERROR;
				CLANG_WARN_DOCUMENTATION_COMMENTS = YES;
				CLANG_WARN_EMPTY_BODY = YES;
				CLANG_WARN_ENUM_CONVERSION = YES;
				CLANG_WARN_INFINITE_RECURSION = YES;
				CLANG_WARN_INT_CONVERSION = YES;
				CLANG_WARN_NON_LITERAL_NULL_CONVERSION = YES;
				CLANG_WARN_OBJC_IMPLICIT_RETAIN_SELF = YES;
				CLANG_WARN_OBJC_LITERAL_CONVERSION = YES;
				CLANG_WARN_OBJC_ROOT_CLASS = YES_ERROR;
				CLANG_WARN_RANGE_LOOP_ANALYSIS = YES;
				CLANG_WARN_STRICT_PROTOTYPES = YES;
				CLANG_WARN_SUSPICIOUS_MOVE = YES;
				CLANG_WARN_UNGUARDED_AVAILABILITY = YES_AGGRESSIVE;
				CLANG_WARN_UNREACHABLE_CODE = YES;
				CLANG_WARN__DUPLICATE_METHOD_MATCH = YES;
				CODE_SIGN_IDENTITY = "iPhone Developer";
				COPY_PHASE_STRIP = NO;
				DEBUG_INFORMATION_FORMAT = "dwarf-with-dsym";
				ENABLE_NS_ASSERTIONS = NO;
				ENABLE_STRICT_OBJC_MSGSEND = YES;
				GCC_C_LANGUAGE_STANDARD = gnu11;
				GCC_NO_COMMON_BLOCKS = YES;
				GCC_WARN_64_TO_32_BIT_CONVERSION = YES;
				GCC_WARN_ABOUT_RETURN_TYPE = YES_ERROR;
				GCC_WARN_UNDECLARED_SELECTOR = YES;
				GCC_WARN_UNINITIALIZED_AUTOS = YES_AGGRESSIVE;
				GCC_WARN_UNUSED_FUNCTION = YES;
				GCC_WARN_UNUSED_VARIABLE = YES;
				IPHONEOS_DEPLOYMENT_TARGET = 12.1;
				MTL_ENABLE_DEBUG_INFO = NO;
				MTL_FAST_MATH = YES;
				SDKROOT = iphoneos;
				SWIFT_COMPILATION_MODE = wholemodule;
				SWIFT_OPTIMIZATION_LEVEL = "-O";
				VALIDATE_PRODUCT = YES;
			};
			name = Release;
		};
		1D54C6A7223425BB00E0C172 /* Debug */ = {
			isa = XCBuildConfiguration;
			buildSettings = {
				ASSETCATALOG_COMPILER_APPICON_NAME = AppIcon;
				CODE_SIGN_ENTITLEMENTS = EcoHack/EcoHack.entitlements;
				CODE_SIGN_STYLE = Automatic;
				DEVELOPMENT_TEAM = U6T5AT36D6;
				INFOPLIST_FILE = EcoHack/Info.plist;
				LD_RUNPATH_SEARCH_PATHS = (
					"$(inherited)",
					"@executable_path/Frameworks",
				);
				PRODUCT_BUNDLE_IDENTIFIER = greenDreamTeam.EcoHack;
				PRODUCT_NAME = "$(TARGET_NAME)";
				SWIFT_VERSION = 4.2;
				TARGETED_DEVICE_FAMILY = 1;
			};
			name = Debug;
		};
		1D54C6A8223425BB00E0C172 /* Release */ = {
			isa = XCBuildConfiguration;
			buildSettings = {
				ASSETCATALOG_COMPILER_APPICON_NAME = AppIcon;
				CODE_SIGN_ENTITLEMENTS = EcoHack/EcoHack.entitlements;
				CODE_SIGN_STYLE = Automatic;
				DEVELOPMENT_TEAM = U6T5AT36D6;
				INFOPLIST_FILE = EcoHack/Info.plist;
				LD_RUNPATH_SEARCH_PATHS = (
					"$(inherited)",
					"@executable_path/Frameworks",
				);
				PRODUCT_BUNDLE_IDENTIFIER = greenDreamTeam.EcoHack;
				PRODUCT_NAME = "$(TARGET_NAME)";
				SWIFT_VERSION = 4.2;
				TARGETED_DEVICE_FAMILY = 1;
			};
			name = Release;
		};
/* End XCBuildConfiguration section */

/* Begin XCConfigurationList section */
		1D54C68C223425B900E0C172 /* Build configuration list for PBXProject "EcoHack" */ = {
			isa = XCConfigurationList;
			buildConfigurations = (
				1D54C6A4223425BB00E0C172 /* Debug */,
				1D54C6A5223425BB00E0C172 /* Release */,
			);
			defaultConfigurationIsVisible = 0;
			defaultConfigurationName = Release;
		};
		1D54C6A6223425BB00E0C172 /* Build configuration list for PBXNativeTarget "EcoHack" */ = {
			isa = XCConfigurationList;
			buildConfigurations = (
				1D54C6A7223425BB00E0C172 /* Debug */,
				1D54C6A8223425BB00E0C172 /* Release */,
			);
			defaultConfigurationIsVisible = 0;
			defaultConfigurationName = Release;
		};
/* End XCConfigurationList section */

/* Begin XCVersionGroup section */
		1D54C69B223425B900E0C172 /* EcoHack.xcdatamodeld */ = {
			isa = XCVersionGroup;
			children = (
				1D54C69C223425B900E0C172 /* EcoHack.xcdatamodel */,
			);
			currentVersion = 1D54C69C223425B900E0C172 /* EcoHack.xcdatamodel */;
			path = EcoHack.xcdatamodeld;
			sourceTree = "<group>";
			versionGroupType = wrapper.xcdatamodel;
		};
/* End XCVersionGroup section */
	};
	rootObject = 1D54C689223425B900E0C172 /* Project object */;
}
